
Microsoft Visual Studio Solution File, Format Version 12.00
# Visual Studio Version 17
VisualStudioVersion = 17.0.31611.283
MinimumVisualStudioVersion = 10.0.40219.1
Project("{9A19103F-16F7-4668-BE54-9A1E7A4F7556}") = "deinbaumApp", "deinbaumApp\deinbaumApp.csproj", "{612E86E6-1A18-41BC-A2E4-EB9C2C7F1A6C}"
EndProject
Project("{9A19103F-16F7-4668-BE54-9A1E7A4F7556}") = "deinBaum.Lib", "deinBaum.Lib\deinBaum.Lib.csproj", "{2ED3B069-11ED-4B9A-B98C-FFBDB6885D33}"
EndProject
Project("{9A19103F-16F7-4668-BE54-9A1E7A4F7556}") = "deinBaum.WebAPI", "deinBaum.WebAPI\deinBaum.WebAPI.csproj", "{DB92CBA5-8128-40E3-A422-F9F658C17418}"
EndProject
Project("{9A19103F-16F7-4668-BE54-9A1E7A4F7556}") = "deinBaum.DAL", "deinBaum.DAL\deinBaum.DAL.csproj", "{573D372A-43A0-474B-A2E7-641F9A192140}"
EndProject
Project("{E53339B2-1760-4266-BCC7-CA923CBCF16C}") = "docker-compose", "docker-compose.dcproj", "{EAD4BD4F-062C-4AB0-AB34-F2845B0FB53A}"
EndProject
Project("{FAE04EC0-301F-11D3-BF4B-00C04F79EFBC}") = "deinBaum.WebAPI.Test", "deinBaum.WebAPI.Test\deinBaum.WebAPI.Test.csproj", "{9132F713-0A32-4EDD-863C-4DB55BA91830}"
EndProject
Global
	GlobalSection(SolutionConfigurationPlatforms) = preSolution
		Debug|Any CPU = Debug|Any CPU
		Release|Any CPU = Release|Any CPU
	EndGlobalSection
	GlobalSection(ProjectConfigurationPlatforms) = postSolution
		{612E86E6-1A18-41BC-A2E4-EB9C2C7F1A6C}.Debug|Any CPU.ActiveCfg = Debug|Any CPU
		{612E86E6-1A18-41BC-A2E4-EB9C2C7F1A6C}.Debug|Any CPU.Build.0 = Debug|Any CPU
		{612E86E6-1A18-41BC-A2E4-EB9C2C7F1A6C}.Debug|Any CPU.Deploy.0 = Debug|Any CPU
		{612E86E6-1A18-41BC-A2E4-EB9C2C7F1A6C}.Release|Any CPU.ActiveCfg = Release|Any CPU
		{612E86E6-1A18-41BC-A2E4-EB9C2C7F1A6C}.Release|Any CPU.Build.0 = Release|Any CPU
		{612E86E6-1A18-41BC-A2E4-EB9C2C7F1A6C}.Release|Any CPU.Deploy.0 = Release|Any CPU
		{2ED3B069-11ED-4B9A-B98C-FFBDB6885D33}.Debug|Any CPU.ActiveCfg = Debug|Any CPU
		{2ED3B069-11ED-4B9A-B98C-FFBDB6885D33}.Debug|Any CPU.Build.0 = Debug|Any CPU
		{2ED3B069-11ED-4B9A-B98C-FFBDB6885D33}.Release|Any CPU.ActiveCfg = Release|Any CPU
		{2ED3B069-11ED-4B9A-B98C-FFBDB6885D33}.Release|Any CPU.Build.0 = Release|Any CPU
		{DB92CBA5-8128-40E3-A422-F9F658C17418}.Debug|Any CPU.ActiveCfg = Debug|Any CPU
		{DB92CBA5-8128-40E3-A422-F9F658C17418}.Debug|Any CPU.Build.0 = Debug|Any CPU
		{DB92CBA5-8128-40E3-A422-F9F658C17418}.Release|Any CPU.ActiveCfg = Release|Any CPU
		{DB92CBA5-8128-40E3-A422-F9F658C17418}.Release|Any CPU.Build.0 = Release|Any CPU
		{573D372A-43A0-474B-A2E7-641F9A192140}.Debug|Any CPU.ActiveCfg = Debug|Any CPU
		{573D372A-43A0-474B-A2E7-641F9A192140}.Debug|Any CPU.Build.0 = Debug|Any CPU
		{573D372A-43A0-474B-A2E7-641F9A192140}.Release|Any CPU.ActiveCfg = Release|Any CPU
		{573D372A-43A0-474B-A2E7-641F9A192140}.Release|Any CPU.Build.0 = Release|Any CPU
		{EAD4BD4F-062C-4AB0-AB34-F2845B0FB53A}.Debug|Any CPU.ActiveCfg = Debug|Any CPU
		{EAD4BD4F-062C-4AB0-AB34-F2845B0FB53A}.Debug|Any CPU.Build.0 = Debug|Any CPU
		{EAD4BD4F-062C-4AB0-AB34-F2845B0FB53A}.Release|Any CPU.ActiveCfg = Release|Any CPU
		{EAD4BD4F-062C-4AB0-AB34-F2845B0FB53A}.Release|Any CPU.Build.0 = Release|Any CPU
		{9132F713-0A32-4EDD-863C-4DB55BA91830}.Debug|Any CPU.ActiveCfg = Debug|Any CPU
		{9132F713-0A32-4EDD-863C-4DB55BA91830}.Debug|Any CPU.Build.0 = Debug|Any CPU
		{9132F713-0A32-4EDD-863C-4DB55BA91830}.Release|Any CPU.ActiveCfg = Release|Any CPU
		{9132F713-0A32-4EDD-863C-4DB55BA91830}.Release|Any CPU.Build.0 = Release|Any CPU
	EndGlobalSection
	GlobalSection(SolutionProperties) = preSolution
		HideSolutionNode = FALSE
	EndGlobalSection
	GlobalSection(ExtensibilityGlobals) = postSolution
		SolutionGuid = {61F7FB11-1E47-470C-91E2-47F8143E1572}
	EndGlobalSection
EndGlobal
